
Microsoft Visual Studio Solution File, Format Version 12.00
# Visual Studio Version 17
VisualStudioVersion = 17.2.32630.192
MinimumVisualStudioVersion = 10.0.40219.1
Project("{FAE04EC0-301F-11D3-BF4B-00C04F79EFBC}") = "NumberGuessingGame", "NumberGuessingGame.csproj", "{3F0E5747-B30B-458A-A8CC-89D9C4B83A20}"
EndProject
Global
	GlobalSection(SolutionConfigurationPlatforms) = preSolution
		Debug|Any CPU = Debug|Any CPU
		Release|Any CPU = Release|Any CPU
	EndGlobalSection
	GlobalSection(ProjectConfigurationPlatforms) = postSolution
		{3F0E5747-B30B-458A-A8CC-89D9C4B83A20}.Debug|Any CPU.ActiveCfg = Debug|Any CPU
		{3F0E5747-B30B-458A-A8CC-89D9C4B83A20}.Debug|Any CPU.Build.0 = Debug|Any CPU
		{3F0E5747-B30B-458A-A8CC-89D9C4B83A20}.Release|Any CPU.ActiveCfg = Release|Any CPU
		{3F0E5747-B30B-458A-A8CC-89D9C4B83A20}.Release|Any CPU.Build.0 = Release|Any CPU
	EndGlobalSection
	GlobalSection(SolutionProperties) = preSolution
		HideSolutionNode = FALSE
	EndGlobalSection
	GlobalSection(ExtensibilityGlobals) = postSolution
		SolutionGuid = {B27C2D77-9111-480B-953D-0D5713A719FB}
	EndGlobalSection
EndGlobal
